
Microsoft Visual Studio Solution File, Format Version 12.00
# Visual Studio Version 17
VisualStudioVersion = 17.13.35806.99 d17.13
MinimumVisualStudioVersion = 10.0.40219.1
Project("{FAE04EC0-301F-11D3-BF4B-00C04F79EFBC}") = "ApiPilotosF1", "ApiPilotosF1\ApiPilotosF1.csproj", "{D40E0B02-E2F9-4F45-9BD9-018D634825B5}"
EndProject
Global
	GlobalSection(SolutionConfigurationPlatforms) = preSolution
		Debug|Any CPU = Debug|Any CPU
		Release|Any CPU = Release|Any CPU
	EndGlobalSection
	GlobalSection(ProjectConfigurationPlatforms) = postSolution
		{D40E0B02-E2F9-4F45-9BD9-018D634825B5}.Debug|Any CPU.ActiveCfg = Debug|Any CPU
		{D40E0B02-E2F9-4F45-9BD9-018D634825B5}.Debug|Any CPU.Build.0 = Debug|Any CPU
		{D40E0B02-E2F9-4F45-9BD9-018D634825B5}.Release|Any CPU.ActiveCfg = Release|Any CPU
		{D40E0B02-E2F9-4F45-9BD9-018D634825B5}.Release|Any CPU.Build.0 = Release|Any CPU
	EndGlobalSection
	GlobalSection(SolutionProperties) = preSolution
		HideSolutionNode = FALSE
	EndGlobalSection
	GlobalSection(ExtensibilityGlobals) = postSolution
		SolutionGuid = {BA4E801C-46D0-40D2-A8B8-CC713232BD54}
	EndGlobalSection
EndGlobal
